
Microsoft Visual Studio Solution File, Format Version 12.00
# Visual Studio 14
VisualStudioVersion = 14.0.25420.1
MinimumVisualStudioVersion = 10.0.40219.1
Project("{FAE04EC0-301F-11D3-BF4B-00C04F79EFBC}") = "EmployeeTracking", "EmployeeTracking\EmployeeTracking.csproj", "{087359B8-32AE-4C12-8C24-AA582450E279}"
EndProject
Project("{FAE04EC0-301F-11D3-BF4B-00C04F79EFBC}") = "SimLocationTrackingService", "SimLocationTrackingService\SimLocationTrackingService.csproj", "{8B2F4DC9-0FA5-4164-AC06-A18D79CA06E6}"
EndProject
Project("{FAE04EC0-301F-11D3-BF4B-00C04F79EFBC}") = "EmployeeTrackingTests", "EmployeeTrackingTests\EmployeeTrackingTests.csproj", "{A9439A1D-87E8-408A-960F-0AC8E304F74B}"
EndProject
Global
	GlobalSection(SolutionConfigurationPlatforms) = preSolution
		Debug|Any CPU = Debug|Any CPU
		Release|Any CPU = Release|Any CPU
	EndGlobalSection
	GlobalSection(ProjectConfigurationPlatforms) = postSolution
		{087359B8-32AE-4C12-8C24-AA582450E279}.Debug|Any CPU.ActiveCfg = Debug|Any CPU
		{087359B8-32AE-4C12-8C24-AA582450E279}.Debug|Any CPU.Build.0 = Debug|Any CPU
		{087359B8-32AE-4C12-8C24-AA582450E279}.Release|Any CPU.ActiveCfg = Release|Any CPU
		{087359B8-32AE-4C12-8C24-AA582450E279}.Release|Any CPU.Build.0 = Release|Any CPU
		{8B2F4DC9-0FA5-4164-AC06-A18D79CA06E6}.Debug|Any CPU.ActiveCfg = Debug|Any CPU
		{8B2F4DC9-0FA5-4164-AC06-A18D79CA06E6}.Debug|Any CPU.Build.0 = Debug|Any CPU
		{8B2F4DC9-0FA5-4164-AC06-A18D79CA06E6}.Release|Any CPU.ActiveCfg = Release|Any CPU
		{8B2F4DC9-0FA5-4164-AC06-A18D79CA06E6}.Release|Any CPU.Build.0 = Release|Any CPU
		{A9439A1D-87E8-408A-960F-0AC8E304F74B}.Debug|Any CPU.ActiveCfg = Debug|Any CPU
		{A9439A1D-87E8-408A-960F-0AC8E304F74B}.Debug|Any CPU.Build.0 = Debug|Any CPU
		{A9439A1D-87E8-408A-960F-0AC8E304F74B}.Release|Any CPU.ActiveCfg = Release|Any CPU
		{A9439A1D-87E8-408A-960F-0AC8E304F74B}.Release|Any CPU.Build.0 = Release|Any CPU
	EndGlobalSection
	GlobalSection(SolutionProperties) = preSolution
		HideSolutionNode = FALSE
	EndGlobalSection
	GlobalSection(TeamFoundationVersionControl) = preSolution
		SccNumberOfProjects = 5
		SccEnterpriseProvider = {4CA58AB2-18FA-4F8D-95D4-32DDF27D184C}
		SccTeamFoundationServer = https://chayed.visualstudio.com/
		SccLocalPath0 = .
		SccProjectUniqueName1 = EmployeeTracking\\EmployeeTracking.csproj
		SccProjectName1 = EmployeeTracking
		SccLocalPath1 = EmployeeTracking
		SccProjectUniqueName2 = LocationService\\LocationService.csproj
		SccProjectName2 = LocationService
		SccLocalPath2 = LocationService
		SccProjectUniqueName3 = SimLocationTrackingService\\SimLocationTrackingService.csproj
		SccProjectName3 = SimLocationTrackingService
		SccLocalPath3 = SimLocationTrackingService
	EndGlobalSection
EndGlobal
